
Microsoft Visual Studio Solution File, Format Version 12.00
# Visual Studio Version 16
VisualStudioVersion = 16.0.30413.136
MinimumVisualStudioVersion = 10.0.40219.1
Project("{8BC9CEB8-8B4A-11D0-8D11-00A0C91BC942}") = "pairprogramming", "pairprogramming.vcxproj", "{92545F71-88FA-4B0C-92B6-EAACCC656F00}"
EndProject
Global
	GlobalSection(SolutionConfigurationPlatforms) = preSolution
		Debug|x64 = Debug|x64
		Debug|x86 = Debug|x86
		Release|x64 = Release|x64
		Release|x86 = Release|x86
	EndGlobalSection
	GlobalSection(ProjectConfigurationPlatforms) = postSolution
		{92545F71-88FA-4B0C-92B6-EAACCC656F00}.Debug|x64.ActiveCfg = Debug|x64
		{92545F71-88FA-4B0C-92B6-EAACCC656F00}.Debug|x64.Build.0 = Debug|x64
		{92545F71-88FA-4B0C-92B6-EAACCC656F00}.Debug|x86.ActiveCfg = Debug|Win32
		{92545F71-88FA-4B0C-92B6-EAACCC656F00}.Debug|x86.Build.0 = Debug|Win32
		{92545F71-88FA-4B0C-92B6-EAACCC656F00}.Release|x64.ActiveCfg = Release|x64
		{92545F71-88FA-4B0C-92B6-EAACCC656F00}.Release|x64.Build.0 = Release|x64
		{92545F71-88FA-4B0C-92B6-EAACCC656F00}.Release|x86.ActiveCfg = Release|Win32
		{92545F71-88FA-4B0C-92B6-EAACCC656F00}.Release|x86.Build.0 = Release|Win32
	EndGlobalSection
	GlobalSection(SolutionProperties) = preSolution
		HideSolutionNode = FALSE
	EndGlobalSection
	GlobalSection(ExtensibilityGlobals) = postSolution
		SolutionGuid = {10662D16-9AC7-4250-94A6-DC56FA07D5C3}
	EndGlobalSection
EndGlobal
